// !$*UTF8*$!
{
	archiveVersion = 1;
	classes = {
	};
	objectVersion = 50;
	objects = {

/* Begin PBXBuildFile section */
		04CF4CB721D140B900DF03E4 /* AppDelegate.swift in Sources */ = {isa = PBXBuildFile; fileRef = 04CF4CB621D140B900DF03E4 /* AppDelegate.swift */; };
		04CF4CB921D140B900DF03E4 /* ViewController.swift in Sources */ = {isa = PBXBuildFile; fileRef = 04CF4CB821D140B900DF03E4 /* ViewController.swift */; };
		04CF4CBC21D140B900DF03E4 /* Main.storyboard in Resources */ = {isa = PBXBuildFile; fileRef = 04CF4CBA21D140B900DF03E4 /* Main.storyboard */; };
		04CF4CBE21D140C600DF03E4 /* Assets.xcassets in Resources */ = {isa = PBXBuildFile; fileRef = 04CF4CBD21D140C600DF03E4 /* Assets.xcassets */; };
		04CF4CC121D140C600DF03E4 /* LaunchScreen.storyboard in Resources */ = {isa = PBXBuildFile; fileRef = 04CF4CBF21D140C600DF03E4 /* LaunchScreen.storyboard */; };
		04CF4CCD21D15CED00DF03E4 /* ContractItem.swift in Sources */ = {isa = PBXBuildFile; fileRef = 04CF4CCC21D15CED00DF03E4 /* ContractItem.swift */; };
		04CF4CD121D15E9800DF03E4 /* contract.json in Resources */ = {isa = PBXBuildFile; fileRef = 04CF4CD021D15E9800DF03E4 /* contract.json */; };
/* End PBXBuildFile section */

/* Begin PBXFileReference section */
		04CF4CB321D140B900DF03E4 /* DynamicForm.app */ = {isa = PBXFileReference; explicitFileType = wrapper.application; includeInIndex = 0; path = DynamicForm.app; sourceTree = BUILT_PRODUCTS_DIR; };
		04CF4CB621D140B900DF03E4 /* AppDelegate.swift */ = {isa = PBXFileReference; lastKnownFileType = sourcecode.swift; path = AppDelegate.swift; sourceTree = "<group>"; };
		04CF4CB821D140B900DF03E4 /* ViewController.swift */ = {isa = PBXFileReference; lastKnownFileType = sourcecode.swift; path = ViewController.swift; sourceTree = "<group>"; };
		04CF4CBB21D140B900DF03E4 /* Base */ = {isa = PBXFileReference; lastKnownFileType = file.storyboard; name = Base; path = Base.lproj/Main.storyboard; sourceTree = "<group>"; };
		04CF4CBD21D140C600DF03E4 /* Assets.xcassets */ = {isa = PBXFileReference; lastKnownFileType = folder.assetcatalog; path = Assets.xcassets; sourceTree = "<group>"; };
		04CF4CC021D140C600DF03E4 /* Base */ = {isa = PBXFileReference; lastKnownFileType = file.storyboard; name = Base; path = Base.lproj/LaunchScreen.storyboard; sourceTree = "<group>"; };
		04CF4CC221D140C600DF03E4 /* Info.plist */ = {isa = PBXFileReference; lastKnownFileType = text.plist.xml; path = Info.plist; sourceTree = "<group>"; };
		04CF4CCC21D15CED00DF03E4 /* ContractItem.swift */ = {isa = PBXFileReference; lastKnownFileType = sourcecode.swift; path = ContractItem.swift; sourceTree = "<group>"; };
		04CF4CD021D15E9800DF03E4 /* contract.json */ = {isa = PBXFileReference; lastKnownFileType = text.json; path = contract.json; sourceTree = "<group>"; };
/* End PBXFileReference section */

/* Begin PBXFrameworksBuildPhase section */
		04CF4CB021D140B900DF03E4 /* Frameworks */ = {
			isa = PBXFrameworksBuildPhase;
			buildActionMask = 2147483647;
			files = (
			);
			runOnlyForDeploymentPostprocessing = 0;
		};
/* End PBXFrameworksBuildPhase section */

/* Begin PBXGroup section */
		04CF4CAA21D140B800DF03E4 = {
			isa = PBXGroup;
			children = (
				04CF4CB521D140B900DF03E4 /* DynamicForm */,
				04CF4CB421D140B900DF03E4 /* Products */,
			);
			sourceTree = "<group>";
		};
		04CF4CB421D140B900DF03E4 /* Products */ = {
			isa = PBXGroup;
			children = (
				04CF4CB321D140B900DF03E4 /* DynamicForm.app */,
			);
			name = Products;
			sourceTree = "<group>";
		};
		04CF4CB521D140B900DF03E4 /* DynamicForm */ = {
			isa = PBXGroup;
			children = (
				04CF4CB621D140B900DF03E4 /* AppDelegate.swift */,
				04CF4CB821D140B900DF03E4 /* ViewController.swift */,
				04CF4CBA21D140B900DF03E4 /* Main.storyboard */,
				04CF4CBD21D140C600DF03E4 /* Assets.xcassets */,
				04CF4CBF21D140C600DF03E4 /* LaunchScreen.storyboard */,
				04CF4CC221D140C600DF03E4 /* Info.plist */,
				04CF4CCC21D15CED00DF03E4 /* ContractItem.swift */,
				04CF4CD021D15E9800DF03E4 /* contract.json */,
			);
			path = DynamicForm;
			sourceTree = "<group>";
		};
/* End PBXGroup section */

/* Begin PBXNativeTarget section */
		04CF4CB221D140B900DF03E4 /* DynamicForm */ = {
			isa = PBXNativeTarget;
			buildConfigurationList = 04CF4CC521D140C600DF03E4 /* Build configuration list for PBXNativeTarget "DynamicForm" */;
			buildPhases = (
				04CF4CAF21D140B900DF03E4 /* Sources */,
				04CF4CB021D140B900DF03E4 /* Frameworks */,
				04CF4CB121D140B900DF03E4 /* Resources */,
			);
			buildRules = (
			);
			dependencies = (
			);
			name = DynamicForm;
			productName = DynamicForm;
			productReference = 04CF4CB321D140B900DF03E4 /* DynamicForm.app */;
			productType = "com.apple.product-type.application";
		};
/* End PBXNativeTarget section */

/* Begin PBXProject section */
		04CF4CAB21D140B800DF03E4 /* Project object */ = {
			isa = PBXProject;
			attributes = {
				LastSwiftUpdateCheck = 0930;
				LastUpgradeCheck = 0930;
				ORGANIZATIONNAME = "Artem Miklashevych";
				TargetAttributes = {
					04CF4CB221D140B900DF03E4 = {
						CreatedOnToolsVersion = 9.3.1;
					};
				};
			};
			buildConfigurationList = 04CF4CAE21D140B900DF03E4 /* Build configuration list for PBXProject "DynamicForm" */;
			compatibilityVersion = "Xcode 9.3";
			developmentRegion = en;
			hasScannedForEncodings = 0;
			knownRegions = (
				en,
				Base,
			);
			mainGroup = 04CF4CAA21D140B800DF03E4;
			productRefGroup = 04CF4CB421D140B900DF03E4 /* Products */;
			projectDirPath = "";
			projectRoot = "";
			targets = (
				04CF4CB221D140B900DF03E4 /* DynamicForm */,
			);
		};
/* End PBXProject section */

/* Begin PBXResourcesBuildPhase section */
		04CF4CB121D140B900DF03E4 /* Resources */ = {
			isa = PBXResourcesBuildPhase;
			buildActionMask = 2147483647;
			files = (
				04CF4CC121D140C600DF03E4 /* LaunchScreen.storyboard in Resources */,
				04CF4CBE21D140C600DF03E4 /* Assets.xcassets in Resources */,
				04CF4CD121D15E9800DF03E4 /* contract.json in Resources */,
				04CF4CBC21D140B900DF03E4 /* Main.storyboard in Resources */,
			);
			runOnlyForDeploymentPostprocessing = 0;
		};
/* End PBXResourcesBuildPhase section */

/* Begin PBXSourcesBuildPhase section */
		04CF4CAF21D140B900DF03E4 /* Sources */ = {
			isa = PBXSourcesBuildPhase;
			buildActionMask = 2147483647;
			files = (
				04CF4CB921D140B900DF03E4 /* ViewController.swift in Sources */,
				04CF4CCD21D15CED00DF03E4 /* ContractItem.swift in Sources */,
				04CF4CB721D140B900DF03E4 /* AppDelegate.swift in Sources */,
			);
			runOnlyForDeploymentPostprocessing = 0;
		};
/* End PBXSourcesBuildPhase section */

/* Begin PBXVariantGroup section */
		04CF4CBA21D140B900DF03E4 /* Main.storyboard */ = {
			isa = PBXVariantGroup;
			children = (
				04CF4CBB21D140B900DF03E4 /* Base */,
			);
			name = Main.storyboard;
			sourceTree = "<group>";
		};
		04CF4CBF21D140C600DF03E4 /* LaunchScreen.storyboard */ = {
			isa = PBXVariantGroup;
			children = (
				04CF4CC021D140C600DF03E4 /* Base */,
			);
			name = LaunchScreen.storyboard;
			sourceTree = "<group>";
		};
/* End PBXVariantGroup section */

/* Begin XCBuildConfiguration section */
		04CF4CC321D140C600DF03E4 /* Debug */ = {
			isa = XCBuildConfiguration;
			buildSettings = {
				ALWAYS_SEARCH_USER_PATHS = NO;
				CLANG_ANALYZER_NONNULL = YES;
				CLANG_ANALYZER_NUMBER_OBJECT_CONVERSION = YES_AGGRESSIVE;
				CLANG_CXX_LANGUAGE_STANDARD = "gnu++14";
				CLANG_CXX_LIBRARY = "libc++";
				CLANG_ENABLE_MODULES = YES;
				CLANG_ENABLE_OBJC_ARC = YES;
				CLANG_ENABLE_OBJC_WEAK = YES;
				CLANG_WARN_BLOCK_CAPTURE_AUTORELEASING = YES;
				CLANG_WARN_BOOL_CONVERSION = YES;
				CLANG_WARN_COMMA = YES;
				CLANG_WARN_CONSTANT_CONVERSION = YES;
				CLANG_WARN_DEPRECATED_OBJC_IMPLEMENTATIONS = YES;
				CLANG_WARN_DIRECT_OBJC_ISA_USAGE = YES_ERROR;
				CLANG_WARN_DOCUMENTATION_COMMENTS = YES;
				CLANG_WARN_EMPTY_BODY = YES;
				CLANG_WARN_ENUM_CONVERSION = YES;
				CLANG_WARN_INFINITE_RECURSION = YES;
				CLANG_WARN_INT_CONVERSION = YES;
				CLANG_WARN_NON_LITERAL_NULL_CONVERSION = YES;
				CLANG_WARN_OBJC_IMPLICIT_RETAIN_SELF = YES;
				CLANG_WARN_OBJC_LITERAL_CONVERSION = YES;
				CLANG_WARN_OBJC_ROOT_CLASS = YES_ERROR;
				CLANG_WARN_RANGE_LOOP_ANALYSIS = YES;
				CLANG_WARN_STRICT_PROTOTYPES = YES;
				CLANG_WARN_SUSPICIOUS_MOVE = YES;
				CLANG_WARN_UNGUARDED_AVAILABILITY = YES_AGGRESSIVE;
				CLANG_WARN_UNREACHABLE_CODE = YES;
				CLANG_WARN__DUPLICATE_METHOD_MATCH = YES;
				CODE_SIGN_IDENTITY = "iPhone Developer";
				COPY_PHASE_STRIP = NO;
				DEBUG_INFORMATION_FORMAT = dwarf;
				ENABLE_STRICT_OBJC_MSGSEND = YES;
				ENABLE_TESTABILITY = YES;
				GCC_C_LANGUAGE_STANDARD = gnu11;
				GCC_DYNAMIC_NO_PIC = NO;
				GCC_NO_COMMON_BLOCKS = YES;
				GCC_OPTIMIZATION_LEVEL = 0;
				GCC_PREPROCESSOR_DEFINITIONS = (
					"DEBUG=1",
					"$(inherited)",
				);
				GCC_WARN_64_TO_32_BIT_CONVERSION = YES;
				GCC_WARN_ABOUT_RETURN_TYPE = YES_ERROR;
				GCC_WARN_UNDECLARED_SELECTOR = YES;
				GCC_WARN_UNINITIALIZED_AUTOS = YES_AGGRESSIVE;
				GCC_WARN_UNUSED_FUNCTION = YES;
				GCC_WARN_UNUSED_VARIABLE = YES;
				IPHONEOS_DEPLOYMENT_TARGET = 11.3;
				MTL_ENABLE_DEBUG_INFO = YES;
				ONLY_ACTIVE_ARCH = YES;
				SDKROOT = iphoneos;
				SWIFT_ACTIVE_COMPILATION_CONDITIONS = DEBUG;
				SWIFT_OPTIMIZATION_LEVEL = "-Onone";
			};
			name = Debug;
		};
		04CF4CC421D140C600DF03E4 /* Release */ = {
			isa = XCBuildConfiguration;
			buildSettings = {
				ALWAYS_SEARCH_USER_PATHS = NO;
				CLANG_ANALYZER_NONNULL = YES;
				CLANG_ANALYZER_NUMBER_OBJECT_CONVERSION = YES_AGGRESSIVE;
				CLANG_CXX_LANGUAGE_STANDARD = "gnu++14";
				CLANG_CXX_LIBRARY = "libc++";
				CLANG_ENABLE_MODULES = YES;
				CLANG_ENABLE_OBJC_ARC = YES;
				CLANG_ENABLE_OBJC_WEAK = YES;
				CLANG_WARN_BLOCK_CAPTURE_AUTORELEASING = YES;
				CLANG_WARN_BOOL_CONVERSION = YES;
				CLANG_WARN_COMMA = YES;
				CLANG_WARN_CONSTANT_CONVERSION = YES;
				CLANG_WARN_DEPRECATED_OBJC_IMPLEMENTATIONS = YES;
				CLANG_WARN_DIRECT_OBJC_ISA_USAGE = YES_ERROR;
				CLANG_WARN_DOCUMENTATION_COMMENTS = YES;
				CLANG_WARN_EMPTY_BODY = YES;
				CLANG_WARN_ENUM_CONVERSION = YES;
				CLANG_WARN_INFINITE_RECURSION = YES;
				CLANG_WARN_INT_CONVERSION = YES;
				CLANG_WARN_NON_LITERAL_NULL_CONVERSION = YES;
				CLANG_WARN_OBJC_IMPLICIT_RETAIN_SELF = YES;
				CLANG_WARN_OBJC_LITERAL_CONVERSION = YES;
				CLANG_WARN_OBJC_ROOT_CLASS = YES_ERROR;
				CLANG_WARN_RANGE_LOOP_ANALYSIS = YES;
				CLANG_WARN_STRICT_PROTOTYPES = YES;
				CLANG_WARN_SUSPICIOUS_MOVE = YES;
				CLANG_WARN_UNGUARDED_AVAILABILITY = YES_AGGRESSIVE;
				CLANG_WARN_UNREACHABLE_CODE = YES;
				CLANG_WARN__DUPLICATE_METHOD_MATCH = YES;
				CODE_SIGN_IDENTITY = "iPhone Developer";
				COPY_PHASE_STRIP = NO;
				DEBUG_INFORMATION_FORMAT = "dwarf-with-dsym";
				ENABLE_NS_ASSERTIONS = NO;
				ENABLE_STRICT_OBJC_MSGSEND = YES;
				GCC_C_LANGUAGE_STANDARD = gnu11;
				GCC_NO_COMMON_BLOCKS = YES;
				GCC_WARN_64_TO_32_BIT_CONVERSION = YES;
				GCC_WARN_ABOUT_RETURN_TYPE = YES_ERROR;
				GCC_WARN_UNDECLARED_SELECTOR = YES;
				GCC_WARN_UNINITIALIZED_AUTOS = YES_AGGRESSIVE;
				GCC_WARN_UNUSED_FUNCTION = YES;
				GCC_WARN_UNUSED_VARIABLE = YES;
				IPHONEOS_DEPLOYMENT_TARGET = 11.3;
				MTL_ENABLE_DEBUG_INFO = NO;
				SDKROOT = iphoneos;
				SWIFT_COMPILATION_MODE = wholemodule;
				SWIFT_OPTIMIZATION_LEVEL = "-O";
				VALIDATE_PRODUCT = YES;
			};
			name = Release;
		};
		04CF4CC621D140C600DF03E4 /* Debug */ = {
			isa = XCBuildConfiguration;
			buildSettings = {
				ASSETCATALOG_COMPILER_APPICON_NAME = AppIcon;
				CODE_SIGN_STYLE = Automatic;
				DEVELOPMENT_TEAM = 9LC9YMM8H3;
				INFOPLIST_FILE = DynamicForm/Info.plist;
				LD_RUNPATH_SEARCH_PATHS = (
					"$(inherited)",
					"@executable_path/Frameworks",
				);
				PRODUCT_BUNDLE_IDENTIFIER = ArtemMiklashevych.DynamicForm;
				PRODUCT_NAME = "$(TARGET_NAME)";
				SWIFT_VERSION = 4.0;
				TARGETED_DEVICE_FAMILY = "1,2";
			};
			name = Debug;
		};
		04CF4CC721D140C600DF03E4 /* Release */ = {
			isa = XCBuildConfiguration;
			buildSettings = {
				ASSETCATALOG_COMPILER_APPICON_NAME = AppIcon;
				CODE_SIGN_STYLE = Automatic;
				DEVELOPMENT_TEAM = 9LC9YMM8H3;
				INFOPLIST_FILE = DynamicForm/Info.plist;
				LD_RUNPATH_SEARCH_PATHS = (
					"$(inherited)",
					"@executable_path/Frameworks",
				);
				PRODUCT_BUNDLE_IDENTIFIER = ArtemMiklashevych.DynamicForm;
				PRODUCT_NAME = "$(TARGET_NAME)";
				SWIFT_VERSION = 4.0;
				TARGETED_DEVICE_FAMILY = "1,2";
			};
			name = Release;
		};
/* End XCBuildConfiguration section */

/* Begin XCConfigurationList section */
		04CF4CAE21D140B900DF03E4 /* Build configuration list for PBXProject "DynamicForm" */ = {
			isa = XCConfigurationList;
			buildConfigurations = (
				04CF4CC321D140C600DF03E4 /* Debug */,
				04CF4CC421D140C600DF03E4 /* Release */,
			);
			defaultConfigurationIsVisible = 0;
			defaultConfigurationName = Release;
		};
		04CF4CC521D140C600DF03E4 /* Build configuration list for PBXNativeTarget "DynamicForm" */ = {
			isa = XCConfigurationList;
			buildConfigurations = (
				04CF4CC621D140C600DF03E4 /* Debug */,
				04CF4CC721D140C600DF03E4 /* Release */,
			);
			defaultConfigurationIsVisible = 0;
			defaultConfigurationName = Release;
		};
/* End XCConfigurationList section */
	};
	rootObject = 04CF4CAB21D140B800DF03E4 /* Project object */;
}
